
Microsoft Visual Studio Solution File, Format Version 12.00
# Visual Studio Version 16
VisualStudioVersion = 16.0.29123.88
MinimumVisualStudioVersion = 10.0.40219.1
Project("{FAE04EC0-301F-11D3-BF4B-00C04F79EFBC}") = "WPF", "WPF\WPF.csproj", "{4F706926-4714-400C-94C6-D305FBD7AAC8}"
EndProject
Project("{FAE04EC0-301F-11D3-BF4B-00C04F79EFBC}") = "Common", "Common\Common.csproj", "{0FC001E1-44B0-4897-A3B1-A22A31683D32}"
EndProject
Project("{FAE04EC0-301F-11D3-BF4B-00C04F79EFBC}") = "Common_Backend", "Common_Backend\Common_Backend.csproj", "{F7D6C30C-9906-44CB-BE83-9A5097872676}"
EndProject
Project("{FAE04EC0-301F-11D3-BF4B-00C04F79EFBC}") = "REST", "REST\REST.csproj", "{E0CA1453-942F-4365-8862-D13A167188FF}"
EndProject
Project("{FAE04EC0-301F-11D3-BF4B-00C04F79EFBC}") = "WPF.Tests", "WPF.Test\WPF.Tests.csproj", "{CE269065-9552-43B8-8371-5833A51CC748}"
EndProject
Project("{FAE04EC0-301F-11D3-BF4B-00C04F79EFBC}") = "UI_Mobile.Android", "UI_Mobile\UI_Mobile.Android\UI_Mobile.Android.csproj", "{F13B97C1-F435-4A5D-93E7-A36DFD38D4BB}"
EndProject
Project("{9A19103F-16F7-4668-BE54-9A1E7A4F7556}") = "UI_Mobile", "UI_Mobile\UI_Mobile\UI_Mobile.csproj", "{7EF58C05-42E1-4A1F-A417-8CFB16EF0D58}"
EndProject
Global
	GlobalSection(SolutionConfigurationPlatforms) = preSolution
		Debug|Any CPU = Debug|Any CPU
		Debug|ARM = Debug|ARM
		Debug|iPhone = Debug|iPhone
		Debug|iPhoneSimulator = Debug|iPhoneSimulator
		Debug|x64 = Debug|x64
		Debug|x86 = Debug|x86
		Release|Any CPU = Release|Any CPU
		Release|ARM = Release|ARM
		Release|iPhone = Release|iPhone
		Release|iPhoneSimulator = Release|iPhoneSimulator
		Release|x64 = Release|x64
		Release|x86 = Release|x86
	EndGlobalSection
	GlobalSection(ProjectConfigurationPlatforms) = postSolution
		{4F706926-4714-400C-94C6-D305FBD7AAC8}.Debug|Any CPU.ActiveCfg = Debug|Any CPU
		{4F706926-4714-400C-94C6-D305FBD7AAC8}.Debug|Any CPU.Build.0 = Debug|Any CPU
		{4F706926-4714-400C-94C6-D305FBD7AAC8}.Debug|ARM.ActiveCfg = Debug|Any CPU
		{4F706926-4714-400C-94C6-D305FBD7AAC8}.Debug|ARM.Build.0 = Debug|Any CPU
		{4F706926-4714-400C-94C6-D305FBD7AAC8}.Debug|iPhone.ActiveCfg = Debug|Any CPU
		{4F706926-4714-400C-94C6-D305FBD7AAC8}.Debug|iPhone.Build.0 = Debug|Any CPU
		{4F706926-4714-400C-94C6-D305FBD7AAC8}.Debug|iPhoneSimulator.ActiveCfg = Debug|Any CPU
		{4F706926-4714-400C-94C6-D305FBD7AAC8}.Debug|iPhoneSimulator.Build.0 = Debug|Any CPU
		{4F706926-4714-400C-94C6-D305FBD7AAC8}.Debug|x64.ActiveCfg = Debug|Any CPU
		{4F706926-4714-400C-94C6-D305FBD7AAC8}.Debug|x64.Build.0 = Debug|Any CPU
		{4F706926-4714-400C-94C6-D305FBD7AAC8}.Debug|x86.ActiveCfg = Debug|Any CPU
		{4F706926-4714-400C-94C6-D305FBD7AAC8}.Debug|x86.Build.0 = Debug|Any CPU
		{4F706926-4714-400C-94C6-D305FBD7AAC8}.Release|Any CPU.ActiveCfg = Release|Any CPU
		{4F706926-4714-400C-94C6-D305FBD7AAC8}.Release|Any CPU.Build.0 = Release|Any CPU
		{4F706926-4714-400C-94C6-D305FBD7AAC8}.Release|ARM.ActiveCfg = Release|Any CPU
		{4F706926-4714-400C-94C6-D305FBD7AAC8}.Release|ARM.Build.0 = Release|Any CPU
		{4F706926-4714-400C-94C6-D305FBD7AAC8}.Release|iPhone.ActiveCfg = Release|Any CPU
		{4F706926-4714-400C-94C6-D305FBD7AAC8}.Release|iPhone.Build.0 = Release|Any CPU
		{4F706926-4714-400C-94C6-D305FBD7AAC8}.Release|iPhoneSimulator.ActiveCfg = Release|Any CPU
		{4F706926-4714-400C-94C6-D305FBD7AAC8}.Release|iPhoneSimulator.Build.0 = Release|Any CPU
		{4F706926-4714-400C-94C6-D305FBD7AAC8}.Release|x64.ActiveCfg = Release|Any CPU
		{4F706926-4714-400C-94C6-D305FBD7AAC8}.Release|x64.Build.0 = Release|Any CPU
		{4F706926-4714-400C-94C6-D305FBD7AAC8}.Release|x86.ActiveCfg = Release|Any CPU
		{4F706926-4714-400C-94C6-D305FBD7AAC8}.Release|x86.Build.0 = Release|Any CPU
		{0FC001E1-44B0-4897-A3B1-A22A31683D32}.Debug|Any CPU.ActiveCfg = Debug|Any CPU
		{0FC001E1-44B0-4897-A3B1-A22A31683D32}.Debug|Any CPU.Build.0 = Debug|Any CPU
		{0FC001E1-44B0-4897-A3B1-A22A31683D32}.Debug|ARM.ActiveCfg = Debug|Any CPU
		{0FC001E1-44B0-4897-A3B1-A22A31683D32}.Debug|ARM.Build.0 = Debug|Any CPU
		{0FC001E1-44B0-4897-A3B1-A22A31683D32}.Debug|iPhone.ActiveCfg = Debug|Any CPU
		{0FC001E1-44B0-4897-A3B1-A22A31683D32}.Debug|iPhone.Build.0 = Debug|Any CPU
		{0FC001E1-44B0-4897-A3B1-A22A31683D32}.Debug|iPhoneSimulator.ActiveCfg = Debug|Any CPU
		{0FC001E1-44B0-4897-A3B1-A22A31683D32}.Debug|iPhoneSimulator.Build.0 = Debug|Any CPU
		{0FC001E1-44B0-4897-A3B1-A22A31683D32}.Debug|x64.ActiveCfg = Debug|Any CPU
		{0FC001E1-44B0-4897-A3B1-A22A31683D32}.Debug|x64.Build.0 = Debug|Any CPU
		{0FC001E1-44B0-4897-A3B1-A22A31683D32}.Debug|x86.ActiveCfg = Debug|Any CPU
		{0FC001E1-44B0-4897-A3B1-A22A31683D32}.Debug|x86.Build.0 = Debug|Any CPU
		{0FC001E1-44B0-4897-A3B1-A22A31683D32}.Release|Any CPU.ActiveCfg = Release|Any CPU
		{0FC001E1-44B0-4897-A3B1-A22A31683D32}.Release|Any CPU.Build.0 = Release|Any CPU
		{0FC001E1-44B0-4897-A3B1-A22A31683D32}.Release|ARM.ActiveCfg = Release|Any CPU
		{0FC001E1-44B0-4897-A3B1-A22A31683D32}.Release|ARM.Build.0 = Release|Any CPU
		{0FC001E1-44B0-4897-A3B1-A22A31683D32}.Release|iPhone.ActiveCfg = Release|Any CPU
		{0FC001E1-44B0-4897-A3B1-A22A31683D32}.Release|iPhone.Build.0 = Release|Any CPU
		{0FC001E1-44B0-4897-A3B1-A22A31683D32}.Release|iPhoneSimulator.ActiveCfg = Release|Any CPU
		{0FC001E1-44B0-4897-A3B1-A22A31683D32}.Release|iPhoneSimulator.Build.0 = Release|Any CPU
		{0FC001E1-44B0-4897-A3B1-A22A31683D32}.Release|x64.ActiveCfg = Release|Any CPU
		{0FC001E1-44B0-4897-A3B1-A22A31683D32}.Release|x64.Build.0 = Release|Any CPU
		{0FC001E1-44B0-4897-A3B1-A22A31683D32}.Release|x86.ActiveCfg = Release|Any CPU
		{0FC001E1-44B0-4897-A3B1-A22A31683D32}.Release|x86.Build.0 = Release|Any CPU
		{F7D6C30C-9906-44CB-BE83-9A5097872676}.Debug|Any CPU.ActiveCfg = Debug|Any CPU
		{F7D6C30C-9906-44CB-BE83-9A5097872676}.Debug|Any CPU.Build.0 = Debug|Any CPU
		{F7D6C30C-9906-44CB-BE83-9A5097872676}.Debug|ARM.ActiveCfg = Debug|Any CPU
		{F7D6C30C-9906-44CB-BE83-9A5097872676}.Debug|ARM.Build.0 = Debug|Any CPU
		{F7D6C30C-9906-44CB-BE83-9A5097872676}.Debug|iPhone.ActiveCfg = Debug|Any CPU
		{F7D6C30C-9906-44CB-BE83-9A5097872676}.Debug|iPhone.Build.0 = Debug|Any CPU
		{F7D6C30C-9906-44CB-BE83-9A5097872676}.Debug|iPhoneSimulator.ActiveCfg = Debug|Any CPU
		{F7D6C30C-9906-44CB-BE83-9A5097872676}.Debug|iPhoneSimulator.Build.0 = Debug|Any CPU
		{F7D6C30C-9906-44CB-BE83-9A5097872676}.Debug|x64.ActiveCfg = Debug|Any CPU
		{F7D6C30C-9906-44CB-BE83-9A5097872676}.Debug|x64.Build.0 = Debug|Any CPU
		{F7D6C30C-9906-44CB-BE83-9A5097872676}.Debug|x86.ActiveCfg = Debug|Any CPU
		{F7D6C30C-9906-44CB-BE83-9A5097872676}.Debug|x86.Build.0 = Debug|Any CPU
		{F7D6C30C-9906-44CB-BE83-9A5097872676}.Release|Any CPU.ActiveCfg = Release|Any CPU
		{F7D6C30C-9906-44CB-BE83-9A5097872676}.Release|Any CPU.Build.0 = Release|Any CPU
		{F7D6C30C-9906-44CB-BE83-9A5097872676}.Release|ARM.ActiveCfg = Release|Any CPU
		{F7D6C30C-9906-44CB-BE83-9A5097872676}.Release|ARM.Build.0 = Release|Any CPU
		{F7D6C30C-9906-44CB-BE83-9A5097872676}.Release|iPhone.ActiveCfg = Release|Any CPU
		{F7D6C30C-9906-44CB-BE83-9A5097872676}.Release|iPhone.Build.0 = Release|Any CPU
		{F7D6C30C-9906-44CB-BE83-9A5097872676}.Release|iPhoneSimulator.ActiveCfg = Release|Any CPU
		{F7D6C30C-9906-44CB-BE83-9A5097872676}.Release|iPhoneSimulator.Build.0 = Release|Any CPU
		{F7D6C30C-9906-44CB-BE83-9A5097872676}.Release|x64.ActiveCfg = Release|Any CPU
		{F7D6C30C-9906-44CB-BE83-9A5097872676}.Release|x64.Build.0 = Release|Any CPU
		{F7D6C30C-9906-44CB-BE83-9A5097872676}.Release|x86.ActiveCfg = Release|Any CPU
		{F7D6C30C-9906-44CB-BE83-9A5097872676}.Release|x86.Build.0 = Release|Any CPU
		{E0CA1453-942F-4365-8862-D13A167188FF}.Debug|Any CPU.ActiveCfg = Debug|Any CPU
		{E0CA1453-942F-4365-8862-D13A167188FF}.Debug|Any CPU.Build.0 = Debug|Any CPU
		{E0CA1453-942F-4365-8862-D13A167188FF}.Debug|ARM.ActiveCfg = Debug|Any CPU
		{E0CA1453-942F-4365-8862-D13A167188FF}.Debug|ARM.Build.0 = Debug|Any CPU
		{E0CA1453-942F-4365-8862-D13A167188FF}.Debug|iPhone.ActiveCfg = Debug|Any CPU
		{E0CA1453-942F-4365-8862-D13A167188FF}.Debug|iPhone.Build.0 = Debug|Any CPU
		{E0CA1453-942F-4365-8862-D13A167188FF}.Debug|iPhoneSimulator.ActiveCfg = Debug|Any CPU
		{E0CA1453-942F-4365-8862-D13A167188FF}.Debug|iPhoneSimulator.Build.0 = Debug|Any CPU
		{E0CA1453-942F-4365-8862-D13A167188FF}.Debug|x64.ActiveCfg = Debug|Any CPU
		{E0CA1453-942F-4365-8862-D13A167188FF}.Debug|x64.Build.0 = Debug|Any CPU
		{E0CA1453-942F-4365-8862-D13A167188FF}.Debug|x86.ActiveCfg = Debug|Any CPU
		{E0CA1453-942F-4365-8862-D13A167188FF}.Debug|x86.Build.0 = Debug|Any CPU
		{E0CA1453-942F-4365-8862-D13A167188FF}.Release|Any CPU.ActiveCfg = Release|Any CPU
		{E0CA1453-942F-4365-8862-D13A167188FF}.Release|Any CPU.Build.0 = Release|Any CPU
		{E0CA1453-942F-4365-8862-D13A167188FF}.Release|ARM.ActiveCfg = Release|Any CPU
		{E0CA1453-942F-4365-8862-D13A167188FF}.Release|ARM.Build.0 = Release|Any CPU
		{E0CA1453-942F-4365-8862-D13A167188FF}.Release|iPhone.ActiveCfg = Release|Any CPU
		{E0CA1453-942F-4365-8862-D13A167188FF}.Release|iPhone.Build.0 = Release|Any CPU
		{E0CA1453-942F-4365-8862-D13A167188FF}.Release|iPhoneSimulator.ActiveCfg = Release|Any CPU
		{E0CA1453-942F-4365-8862-D13A167188FF}.Release|iPhoneSimulator.Build.0 = Release|Any CPU
		{E0CA1453-942F-4365-8862-D13A167188FF}.Release|x64.ActiveCfg = Release|Any CPU
		{E0CA1453-942F-4365-8862-D13A167188FF}.Release|x64.Build.0 = Release|Any CPU
		{E0CA1453-942F-4365-8862-D13A167188FF}.Release|x86.ActiveCfg = Release|Any CPU
		{E0CA1453-942F-4365-8862-D13A167188FF}.Release|x86.Build.0 = Release|Any CPU
		{CE269065-9552-43B8-8371-5833A51CC748}.Debug|Any CPU.ActiveCfg = Debug|Any CPU
		{CE269065-9552-43B8-8371-5833A51CC748}.Debug|Any CPU.Build.0 = Debug|Any CPU
		{CE269065-9552-43B8-8371-5833A51CC748}.Debug|ARM.ActiveCfg = Debug|Any CPU
		{CE269065-9552-43B8-8371-5833A51CC748}.Debug|ARM.Build.0 = Debug|Any CPU
		{CE269065-9552-43B8-8371-5833A51CC748}.Debug|iPhone.ActiveCfg = Debug|Any CPU
		{CE269065-9552-43B8-8371-5833A51CC748}.Debug|iPhone.Build.0 = Debug|Any CPU
		{CE269065-9552-43B8-8371-5833A51CC748}.Debug|iPhoneSimulator.ActiveCfg = Debug|Any CPU
		{CE269065-9552-43B8-8371-5833A51CC748}.Debug|iPhoneSimulator.Build.0 = Debug|Any CPU
		{CE269065-9552-43B8-8371-5833A51CC748}.Debug|x64.ActiveCfg = Debug|Any CPU
		{CE269065-9552-43B8-8371-5833A51CC748}.Debug|x64.Build.0 = Debug|Any CPU
		{CE269065-9552-43B8-8371-5833A51CC748}.Debug|x86.ActiveCfg = Debug|Any CPU
		{CE269065-9552-43B8-8371-5833A51CC748}.Debug|x86.Build.0 = Debug|Any CPU
		{CE269065-9552-43B8-8371-5833A51CC748}.Release|Any CPU.ActiveCfg = Release|Any CPU
		{CE269065-9552-43B8-8371-5833A51CC748}.Release|Any CPU.Build.0 = Release|Any CPU
		{CE269065-9552-43B8-8371-5833A51CC748}.Release|ARM.ActiveCfg = Release|Any CPU
		{CE269065-9552-43B8-8371-5833A51CC748}.Release|ARM.Build.0 = Release|Any CPU
		{CE269065-9552-43B8-8371-5833A51CC748}.Release|iPhone.ActiveCfg = Release|Any CPU
		{CE269065-9552-43B8-8371-5833A51CC748}.Release|iPhone.Build.0 = Release|Any CPU
		{CE269065-9552-43B8-8371-5833A51CC748}.Release|iPhoneSimulator.ActiveCfg = Release|Any CPU
		{CE269065-9552-43B8-8371-5833A51CC748}.Release|iPhoneSimulator.Build.0 = Release|Any CPU
		{CE269065-9552-43B8-8371-5833A51CC748}.Release|x64.ActiveCfg = Release|Any CPU
		{CE269065-9552-43B8-8371-5833A51CC748}.Release|x64.Build.0 = Release|Any CPU
		{CE269065-9552-43B8-8371-5833A51CC748}.Release|x86.ActiveCfg = Release|Any CPU
		{CE269065-9552-43B8-8371-5833A51CC748}.Release|x86.Build.0 = Release|Any CPU
		{F13B97C1-F435-4A5D-93E7-A36DFD38D4BB}.Debug|Any CPU.ActiveCfg = Debug|Any CPU
		{F13B97C1-F435-4A5D-93E7-A36DFD38D4BB}.Debug|Any CPU.Build.0 = Debug|Any CPU
		{F13B97C1-F435-4A5D-93E7-A36DFD38D4BB}.Debug|Any CPU.Deploy.0 = Debug|Any CPU
		{F13B97C1-F435-4A5D-93E7-A36DFD38D4BB}.Debug|ARM.ActiveCfg = Debug|Any CPU
		{F13B97C1-F435-4A5D-93E7-A36DFD38D4BB}.Debug|ARM.Build.0 = Debug|Any CPU
		{F13B97C1-F435-4A5D-93E7-A36DFD38D4BB}.Debug|ARM.Deploy.0 = Debug|Any CPU
		{F13B97C1-F435-4A5D-93E7-A36DFD38D4BB}.Debug|iPhone.ActiveCfg = Debug|Any CPU
		{F13B97C1-F435-4A5D-93E7-A36DFD38D4BB}.Debug|iPhone.Build.0 = Debug|Any CPU
		{F13B97C1-F435-4A5D-93E7-A36DFD38D4BB}.Debug|iPhone.Deploy.0 = Debug|Any CPU
		{F13B97C1-F435-4A5D-93E7-A36DFD38D4BB}.Debug|iPhoneSimulator.ActiveCfg = Debug|Any CPU
		{F13B97C1-F435-4A5D-93E7-A36DFD38D4BB}.Debug|iPhoneSimulator.Build.0 = Debug|Any CPU
		{F13B97C1-F435-4A5D-93E7-A36DFD38D4BB}.Debug|iPhoneSimulator.Deploy.0 = Debug|Any CPU
		{F13B97C1-F435-4A5D-93E7-A36DFD38D4BB}.Debug|x64.ActiveCfg = Debug|Any CPU
		{F13B97C1-F435-4A5D-93E7-A36DFD38D4BB}.Debug|x64.Build.0 = Debug|Any CPU
		{F13B97C1-F435-4A5D-93E7-A36DFD38D4BB}.Debug|x64.Deploy.0 = Debug|Any CPU
		{F13B97C1-F435-4A5D-93E7-A36DFD38D4BB}.Debug|x86.ActiveCfg = Debug|Any CPU
		{F13B97C1-F435-4A5D-93E7-A36DFD38D4BB}.Debug|x86.Build.0 = Debug|Any CPU
		{F13B97C1-F435-4A5D-93E7-A36DFD38D4BB}.Debug|x86.Deploy.0 = Debug|Any CPU
		{F13B97C1-F435-4A5D-93E7-A36DFD38D4BB}.Release|Any CPU.ActiveCfg = Release|Any CPU
		{F13B97C1-F435-4A5D-93E7-A36DFD38D4BB}.Release|Any CPU.Build.0 = Release|Any CPU
		{F13B97C1-F435-4A5D-93E7-A36DFD38D4BB}.Release|Any CPU.Deploy.0 = Release|Any CPU
		{F13B97C1-F435-4A5D-93E7-A36DFD38D4BB}.Release|ARM.ActiveCfg = Release|Any CPU
		{F13B97C1-F435-4A5D-93E7-A36DFD38D4BB}.Release|ARM.Build.0 = Release|Any CPU
		{F13B97C1-F435-4A5D-93E7-A36DFD38D4BB}.Release|ARM.Deploy.0 = Release|Any CPU
		{F13B97C1-F435-4A5D-93E7-A36DFD38D4BB}.Release|iPhone.ActiveCfg = Release|Any CPU
		{F13B97C1-F435-4A5D-93E7-A36DFD38D4BB}.Release|iPhone.Build.0 = Release|Any CPU
		{F13B97C1-F435-4A5D-93E7-A36DFD38D4BB}.Release|iPhone.Deploy.0 = Release|Any CPU
		{F13B97C1-F435-4A5D-93E7-A36DFD38D4BB}.Release|iPhoneSimulator.ActiveCfg = Release|Any CPU
		{F13B97C1-F435-4A5D-93E7-A36DFD38D4BB}.Release|iPhoneSimulator.Build.0 = Release|Any CPU
		{F13B97C1-F435-4A5D-93E7-A36DFD38D4BB}.Release|iPhoneSimulator.Deploy.0 = Release|Any CPU
		{F13B97C1-F435-4A5D-93E7-A36DFD38D4BB}.Release|x64.ActiveCfg = Release|Any CPU
		{F13B97C1-F435-4A5D-93E7-A36DFD38D4BB}.Release|x64.Build.0 = Release|Any CPU
		{F13B97C1-F435-4A5D-93E7-A36DFD38D4BB}.Release|x64.Deploy.0 = Release|Any CPU
		{F13B97C1-F435-4A5D-93E7-A36DFD38D4BB}.Release|x86.ActiveCfg = Release|Any CPU
		{F13B97C1-F435-4A5D-93E7-A36DFD38D4BB}.Release|x86.Build.0 = Release|Any CPU
		{F13B97C1-F435-4A5D-93E7-A36DFD38D4BB}.Release|x86.Deploy.0 = Release|Any CPU
		{7EF58C05-42E1-4A1F-A417-8CFB16EF0D58}.Debug|Any CPU.ActiveCfg = Debug|Any CPU
		{7EF58C05-42E1-4A1F-A417-8CFB16EF0D58}.Debug|Any CPU.Build.0 = Debug|Any CPU
		{7EF58C05-42E1-4A1F-A417-8CFB16EF0D58}.Debug|ARM.ActiveCfg = Debug|Any CPU
		{7EF58C05-42E1-4A1F-A417-8CFB16EF0D58}.Debug|ARM.Build.0 = Debug|Any CPU
		{7EF58C05-42E1-4A1F-A417-8CFB16EF0D58}.Debug|iPhone.ActiveCfg = Debug|Any CPU
		{7EF58C05-42E1-4A1F-A417-8CFB16EF0D58}.Debug|iPhone.Build.0 = Debug|Any CPU
		{7EF58C05-42E1-4A1F-A417-8CFB16EF0D58}.Debug|iPhoneSimulator.ActiveCfg = Debug|Any CPU
		{7EF58C05-42E1-4A1F-A417-8CFB16EF0D58}.Debug|iPhoneSimulator.Build.0 = Debug|Any CPU
		{7EF58C05-42E1-4A1F-A417-8CFB16EF0D58}.Debug|x64.ActiveCfg = Debug|Any CPU
		{7EF58C05-42E1-4A1F-A417-8CFB16EF0D58}.Debug|x64.Build.0 = Debug|Any CPU
		{7EF58C05-42E1-4A1F-A417-8CFB16EF0D58}.Debug|x86.ActiveCfg = Debug|Any CPU
		{7EF58C05-42E1-4A1F-A417-8CFB16EF0D58}.Debug|x86.Build.0 = Debug|Any CPU
		{7EF58C05-42E1-4A1F-A417-8CFB16EF0D58}.Release|Any CPU.ActiveCfg = Release|Any CPU
		{7EF58C05-42E1-4A1F-A417-8CFB16EF0D58}.Release|Any CPU.Build.0 = Release|Any CPU
		{7EF58C05-42E1-4A1F-A417-8CFB16EF0D58}.Release|ARM.ActiveCfg = Release|Any CPU
		{7EF58C05-42E1-4A1F-A417-8CFB16EF0D58}.Release|ARM.Build.0 = Release|Any CPU
		{7EF58C05-42E1-4A1F-A417-8CFB16EF0D58}.Release|iPhone.ActiveCfg = Release|Any CPU
		{7EF58C05-42E1-4A1F-A417-8CFB16EF0D58}.Release|iPhone.Build.0 = Release|Any CPU
		{7EF58C05-42E1-4A1F-A417-8CFB16EF0D58}.Release|iPhoneSimulator.ActiveCfg = Release|Any CPU
		{7EF58C05-42E1-4A1F-A417-8CFB16EF0D58}.Release|iPhoneSimulator.Build.0 = Release|Any CPU
		{7EF58C05-42E1-4A1F-A417-8CFB16EF0D58}.Release|x64.ActiveCfg = Release|Any CPU
		{7EF58C05-42E1-4A1F-A417-8CFB16EF0D58}.Release|x64.Build.0 = Release|Any CPU
		{7EF58C05-42E1-4A1F-A417-8CFB16EF0D58}.Release|x86.ActiveCfg = Release|Any CPU
		{7EF58C05-42E1-4A1F-A417-8CFB16EF0D58}.Release|x86.Build.0 = Release|Any CPU
	EndGlobalSection
	GlobalSection(SolutionProperties) = preSolution
		HideSolutionNode = FALSE
	EndGlobalSection
	GlobalSection(ExtensibilityGlobals) = postSolution
		SolutionGuid = {44E19816-0B1B-46B2-8F3D-F7D994F4C3B1}
	EndGlobalSection
EndGlobal
